
Microsoft Visual Studio Solution File, Format Version 12.00
# Visual Studio Version 16
VisualStudioVersion = 16.0.31624.102
MinimumVisualStudioVersion = 10.0.40219.1
Project("{FAE04EC0-301F-11D3-BF4B-00C04F79EFBC}") = "Ejercicio-16", "Ejercicio-1\Ejercicio-16.csproj", "{BDFF0481-23FB-4BD2-85B8-8A4DDBE4915D}"
EndProject
Global
	GlobalSection(SolutionConfigurationPlatforms) = preSolution
		Debug|Any CPU = Debug|Any CPU
		Release|Any CPU = Release|Any CPU
	EndGlobalSection
	GlobalSection(ProjectConfigurationPlatforms) = postSolution
		{BDFF0481-23FB-4BD2-85B8-8A4DDBE4915D}.Debug|Any CPU.ActiveCfg = Debug|Any CPU
		{BDFF0481-23FB-4BD2-85B8-8A4DDBE4915D}.Debug|Any CPU.Build.0 = Debug|Any CPU
		{BDFF0481-23FB-4BD2-85B8-8A4DDBE4915D}.Release|Any CPU.ActiveCfg = Release|Any CPU
		{BDFF0481-23FB-4BD2-85B8-8A4DDBE4915D}.Release|Any CPU.Build.0 = Release|Any CPU
	EndGlobalSection
	GlobalSection(SolutionProperties) = preSolution
		HideSolutionNode = FALSE
	EndGlobalSection
	GlobalSection(ExtensibilityGlobals) = postSolution
		SolutionGuid = {E273AA73-A441-4069-B5BD-8096DFD255C8}
	EndGlobalSection
EndGlobal
