
Microsoft Visual Studio Solution File, Format Version 12.00
# Visual Studio Version 16
VisualStudioVersion = 16.0.31829.152
MinimumVisualStudioVersion = 10.0.40219.1
Project("{FAE04EC0-301F-11D3-BF4B-00C04F79EFBC}") = "Entidades", "Entidades\Entidades.csproj", "{F03CFA08-5946-4E26-9D42-9D7ABC9E464E}"
EndProject
Global
	GlobalSection(SolutionConfigurationPlatforms) = preSolution
		Debug|Any CPU = Debug|Any CPU
		Release|Any CPU = Release|Any CPU
	EndGlobalSection
	GlobalSection(ProjectConfigurationPlatforms) = postSolution
		{F03CFA08-5946-4E26-9D42-9D7ABC9E464E}.Debug|Any CPU.ActiveCfg = Debug|Any CPU
		{F03CFA08-5946-4E26-9D42-9D7ABC9E464E}.Debug|Any CPU.Build.0 = Debug|Any CPU
		{F03CFA08-5946-4E26-9D42-9D7ABC9E464E}.Release|Any CPU.ActiveCfg = Release|Any CPU
		{F03CFA08-5946-4E26-9D42-9D7ABC9E464E}.Release|Any CPU.Build.0 = Release|Any CPU
	EndGlobalSection
	GlobalSection(SolutionProperties) = preSolution
		HideSolutionNode = FALSE
	EndGlobalSection
	GlobalSection(ExtensibilityGlobals) = postSolution
		SolutionGuid = {AD7452CF-03BE-4E83-9CE9-6545168BC5EF}
	EndGlobalSection
EndGlobal
